
Microsoft Visual Studio Solution File, Format Version 12.00
# Visual Studio 14
VisualStudioVersion = 14.0.24720.0
MinimumVisualStudioVersion = 10.0.40219.1
Project("{FAE04EC0-301F-11D3-BF4B-00C04F79EFBC}") = "nFitt.Framework", "nFitt\nFitt.Framework.csproj", "{AB4F8488-F7BD-4C3A-81A6-C09AB5436A99}"
EndProject
Project("{FAE04EC0-301F-11D3-BF4B-00C04F79EFBC}") = "nFitt.Data", "nFitt.Entity\nFitt.Data.csproj", "{25A15552-DA30-43D5-8738-04783965FCD1}"
EndProject
Project("{FAE04EC0-301F-11D3-BF4B-00C04F79EFBC}") = "nFitt.Test", "nFitt.Test\nFitt.Test.csproj", "{88023101-36D8-4C42-8C6B-F939493B1A03}"
EndProject
Project("{FAE04EC0-301F-11D3-BF4B-00C04F79EFBC}") = "Framework.Data", "Data.Framework\Framework.Data.csproj", "{30AE36EB-AA3D-49E7-BCE1-BB88A8F5484C}"
EndProject
Global
	GlobalSection(SolutionConfigurationPlatforms) = preSolution
		Debug|Any CPU = Debug|Any CPU
		Release|Any CPU = Release|Any CPU
	EndGlobalSection
	GlobalSection(ProjectConfigurationPlatforms) = postSolution
		{AB4F8488-F7BD-4C3A-81A6-C09AB5436A99}.Debug|Any CPU.ActiveCfg = Debug|Any CPU
		{AB4F8488-F7BD-4C3A-81A6-C09AB5436A99}.Debug|Any CPU.Build.0 = Debug|Any CPU
		{AB4F8488-F7BD-4C3A-81A6-C09AB5436A99}.Release|Any CPU.ActiveCfg = Release|Any CPU
		{AB4F8488-F7BD-4C3A-81A6-C09AB5436A99}.Release|Any CPU.Build.0 = Release|Any CPU
		{25A15552-DA30-43D5-8738-04783965FCD1}.Debug|Any CPU.ActiveCfg = Debug|Any CPU
		{25A15552-DA30-43D5-8738-04783965FCD1}.Debug|Any CPU.Build.0 = Debug|Any CPU
		{25A15552-DA30-43D5-8738-04783965FCD1}.Release|Any CPU.ActiveCfg = Release|Any CPU
		{25A15552-DA30-43D5-8738-04783965FCD1}.Release|Any CPU.Build.0 = Release|Any CPU
		{88023101-36D8-4C42-8C6B-F939493B1A03}.Debug|Any CPU.ActiveCfg = Debug|Any CPU
		{88023101-36D8-4C42-8C6B-F939493B1A03}.Debug|Any CPU.Build.0 = Debug|Any CPU
		{88023101-36D8-4C42-8C6B-F939493B1A03}.Release|Any CPU.ActiveCfg = Release|Any CPU
		{88023101-36D8-4C42-8C6B-F939493B1A03}.Release|Any CPU.Build.0 = Release|Any CPU
		{30AE36EB-AA3D-49E7-BCE1-BB88A8F5484C}.Debug|Any CPU.ActiveCfg = Debug|Any CPU
		{30AE36EB-AA3D-49E7-BCE1-BB88A8F5484C}.Debug|Any CPU.Build.0 = Debug|Any CPU
		{30AE36EB-AA3D-49E7-BCE1-BB88A8F5484C}.Release|Any CPU.ActiveCfg = Release|Any CPU
		{30AE36EB-AA3D-49E7-BCE1-BB88A8F5484C}.Release|Any CPU.Build.0 = Release|Any CPU
	EndGlobalSection
	GlobalSection(SolutionProperties) = preSolution
		HideSolutionNode = FALSE
	EndGlobalSection
EndGlobal
